
Microsoft Visual Studio Solution File, Format Version 12.00
# Visual Studio Version 16
VisualStudioVersion = 16.0.30011.22
MinimumVisualStudioVersion = 10.0.40219.1
Project("{FAE04EC0-301F-11D3-BF4B-00C04F79EFBC}") = "LiveScreenCapture", "LiveScreenCapture\LiveScreenCapture.csproj", "{1490C9D7-2621-4E5E-88B3-778747C89EFB}"
EndProject
Global
	GlobalSection(SolutionConfigurationPlatforms) = preSolution
		Debug|Any CPU = Debug|Any CPU
		Release|Any CPU = Release|Any CPU
	EndGlobalSection
	GlobalSection(ProjectConfigurationPlatforms) = postSolution
		{1490C9D7-2621-4E5E-88B3-778747C89EFB}.Debug|Any CPU.ActiveCfg = Debug|Any CPU
		{1490C9D7-2621-4E5E-88B3-778747C89EFB}.Debug|Any CPU.Build.0 = Debug|Any CPU
		{1490C9D7-2621-4E5E-88B3-778747C89EFB}.Release|Any CPU.ActiveCfg = Release|Any CPU
		{1490C9D7-2621-4E5E-88B3-778747C89EFB}.Release|Any CPU.Build.0 = Release|Any CPU
	EndGlobalSection
	GlobalSection(SolutionProperties) = preSolution
		HideSolutionNode = FALSE
	EndGlobalSection
	GlobalSection(ExtensibilityGlobals) = postSolution
		SolutionGuid = {7372FAAA-BF35-43A0-8898-C1B004DA34C0}
	EndGlobalSection
EndGlobal
